# THIS IS AN AUTOGENERATED FILE. DO NOT EDIT THIS FILE DIRECTLY.
# yarn lockfile v1


magic-snowflakes@^4.1.6:
  version "4.1.6"
  resolved "https://registry.yarnpkg.com/magic-snowflakes/-/magic-snowflakes-4.1.6.tgz#ccba67abe1426c80eef12e3db93a57d2cca7fe10"
  integrity sha512-W8WAi1uLbtV73j638JgmmrGwtv/uVvulPzOkg543ArFmC1WL3bW97HQVWXKqS388EM98Vi3dqI9t9rA4Vhi45A==
